
Microsoft Visual Studio Solution File, Format Version 12.00
# Visual Studio Version 16
VisualStudioVersion = 16.0.810.14
MinimumVisualStudioVersion = 10.0.40219.1
Project("{FAE04EC0-301F-11D3-BF4B-00C04F79EFBC}") = "Zendesk.Ticket.Viewer.Host", "Zendesk.Ticket.Viewer.Host\Zendesk.Ticket.Viewer.Host.csproj", "{A624FE05-5F15-4E36-9610-376F90FB8C83}"
EndProject
Project("{FAE04EC0-301F-11D3-BF4B-00C04F79EFBC}") = "Zendesk.Ticket.Viewer.Service", "Zendesk.Ticket.Viewer.Service\Zendesk.Ticket.Viewer.Service.csproj", "{24FCE837-0AC0-459C-AE0A-DD91E56626C5}"
EndProject
Project("{FAE04EC0-301F-11D3-BF4B-00C04F79EFBC}") = "Zendesk.Ticket.Viewer.Data", "Zendesk.Ticket.Viewer.Data\Zendesk.Ticket.Viewer.Data.csproj", "{9BE688B7-BBCB-41D9-B1AB-73F30A9604A8}"
EndProject
Global
	GlobalSection(SolutionConfigurationPlatforms) = preSolution
		Debug|Any CPU = Debug|Any CPU
		Release|Any CPU = Release|Any CPU
	EndGlobalSection
	GlobalSection(ProjectConfigurationPlatforms) = postSolution
		{A624FE05-5F15-4E36-9610-376F90FB8C83}.Debug|Any CPU.ActiveCfg = Debug|Any CPU
		{A624FE05-5F15-4E36-9610-376F90FB8C83}.Debug|Any CPU.Build.0 = Debug|Any CPU
		{A624FE05-5F15-4E36-9610-376F90FB8C83}.Release|Any CPU.ActiveCfg = Release|Any CPU
		{A624FE05-5F15-4E36-9610-376F90FB8C83}.Release|Any CPU.Build.0 = Release|Any CPU
		{24FCE837-0AC0-459C-AE0A-DD91E56626C5}.Debug|Any CPU.ActiveCfg = Debug|Any CPU
		{24FCE837-0AC0-459C-AE0A-DD91E56626C5}.Debug|Any CPU.Build.0 = Debug|Any CPU
		{24FCE837-0AC0-459C-AE0A-DD91E56626C5}.Release|Any CPU.ActiveCfg = Release|Any CPU
		{24FCE837-0AC0-459C-AE0A-DD91E56626C5}.Release|Any CPU.Build.0 = Release|Any CPU
		{9BE688B7-BBCB-41D9-B1AB-73F30A9604A8}.Debug|Any CPU.ActiveCfg = Debug|Any CPU
		{9BE688B7-BBCB-41D9-B1AB-73F30A9604A8}.Debug|Any CPU.Build.0 = Debug|Any CPU
		{9BE688B7-BBCB-41D9-B1AB-73F30A9604A8}.Release|Any CPU.ActiveCfg = Release|Any CPU
		{9BE688B7-BBCB-41D9-B1AB-73F30A9604A8}.Release|Any CPU.Build.0 = Release|Any CPU
	EndGlobalSection
	GlobalSection(SolutionProperties) = preSolution
		HideSolutionNode = FALSE
	EndGlobalSection
	GlobalSection(ExtensibilityGlobals) = postSolution
		SolutionGuid = {47728EAE-361E-4D28-B4B9-DED24965A3F0}
	EndGlobalSection
EndGlobal
